
Microsoft Visual Studio Solution File, Format Version 12.00
# Visual Studio Version 17
VisualStudioVersion = 17.1.32328.378
MinimumVisualStudioVersion = 10.0.40219.1
Project("{9A19103F-16F7-4668-BE54-9A1E7A4F7556}") = "BlazorCatalogMusic", "BlazorCatalogMusic\BlazorCatalogMusic.csproj", "{5EA5EB5B-77BD-475B-B66D-F13D2D196FEA}"
EndProject
Project("{9A19103F-16F7-4668-BE54-9A1E7A4F7556}") = "BlazorCatalogMusic.Data", "BlazorCatalogMusic.Data\BlazorCatalogMusic.Data.csproj", "{9730C1B7-0353-4677-816B-8FAE2118F365}"
EndProject
Project("{9A19103F-16F7-4668-BE54-9A1E7A4F7556}") = "BlazorCatalogMusic.Models", "BlazorCatalogMusic.Models\BlazorCatalogMusic.Models.csproj", "{E8338BBC-F879-4986-85EB-2048B4EE9289}"
EndProject
Global
	GlobalSection(SolutionConfigurationPlatforms) = preSolution
		Debug|Any CPU = Debug|Any CPU
		Release|Any CPU = Release|Any CPU
	EndGlobalSection
	GlobalSection(ProjectConfigurationPlatforms) = postSolution
		{5EA5EB5B-77BD-475B-B66D-F13D2D196FEA}.Debug|Any CPU.ActiveCfg = Debug|Any CPU
		{5EA5EB5B-77BD-475B-B66D-F13D2D196FEA}.Debug|Any CPU.Build.0 = Debug|Any CPU
		{5EA5EB5B-77BD-475B-B66D-F13D2D196FEA}.Release|Any CPU.ActiveCfg = Release|Any CPU
		{5EA5EB5B-77BD-475B-B66D-F13D2D196FEA}.Release|Any CPU.Build.0 = Release|Any CPU
		{9730C1B7-0353-4677-816B-8FAE2118F365}.Debug|Any CPU.ActiveCfg = Debug|Any CPU
		{9730C1B7-0353-4677-816B-8FAE2118F365}.Debug|Any CPU.Build.0 = Debug|Any CPU
		{9730C1B7-0353-4677-816B-8FAE2118F365}.Release|Any CPU.ActiveCfg = Release|Any CPU
		{9730C1B7-0353-4677-816B-8FAE2118F365}.Release|Any CPU.Build.0 = Release|Any CPU
		{E8338BBC-F879-4986-85EB-2048B4EE9289}.Debug|Any CPU.ActiveCfg = Debug|Any CPU
		{E8338BBC-F879-4986-85EB-2048B4EE9289}.Debug|Any CPU.Build.0 = Debug|Any CPU
		{E8338BBC-F879-4986-85EB-2048B4EE9289}.Release|Any CPU.ActiveCfg = Release|Any CPU
		{E8338BBC-F879-4986-85EB-2048B4EE9289}.Release|Any CPU.Build.0 = Release|Any CPU
	EndGlobalSection
	GlobalSection(SolutionProperties) = preSolution
		HideSolutionNode = FALSE
	EndGlobalSection
	GlobalSection(ExtensibilityGlobals) = postSolution
		SolutionGuid = {AC212FBB-2732-47FB-BB96-3089B88D7D51}
	EndGlobalSection
EndGlobal
